{
  "name": "telebot-vercel-template",
  "lockfileVersion": 2,
  "requires": true,
  "packages": {
    "": {
      "name": "telebot-vercel-template",
      "license": "MIT",
      "dependencies": {
        "telebot": "npm:@ponomarevlad/telebot@edge",
        "telebot-vercel": "^1.0.1",
        "telegram-md": "^1.2.3"
      },
      "engines": {
        "node": "^18.0.0"
      },
      "funding": {
        "url": "https://PonomareVlad.ru/donate"
      }
    },
    "node_modules/telebot": {
      "name": "@ponomarevlad/telebot",
      "version": "1.4.1-edge.2",
      "resolved": "https://registry.npmjs.org/@ponomarevlad/telebot/-/telebot-1.4.1-edge.2.tgz",
      "integrity": "sha512-iXBwjc9fSORZZTZFvt/X0GeesUWnwqpQkPo46Suw0OLT+HCGyQGVeTGKyfOJJHJ4ccnVK/otNgQAwZMMLHDkZQ==",
      "engines": {
        "node": ">= 18.0.0"
      }
    },
    "node_modules/telebot-vercel": {
      "version": "1.0.1",
      "resolved": "https://registry.npmjs.org/telebot-vercel/-/telebot-vercel-1.0.1.tgz",
      "integrity": "sha512-5ofTPuuihaMThHfS5txU70Ktu8u/v1XtEfcb2acrewoN8Qm7Sr/2GIYO5AUGBd7DqvxNuYIdzOB91KtEkzrzAA==",
      "engines": {
        "node": "^18.0.0"
      },
      "funding": {
        "url": "https://PonomareVlad.ru/donate"
      },
      "peerDependencies": {
        "telebot": "latest"
      },
      "peerDependenciesMeta": {
        "telebot": {
          "optional": true
        }
      }
    },
    "node_modules/telegram-md": {
      "version": "1.2.3",
      "resolved": "https://registry.npmjs.org/telegram-md/-/telegram-md-1.2.3.tgz",
      "integrity": "sha512-wzosOtls6te20XAKOTRVlKHQHtfuiJo1ZxyMGqdlaNVVSv+YkpG57pKAEem80lyxq7ha/bvuIj73Y6i92l/x2A=="
    }
  },
  "dependencies": {
    "telebot": {
      "version": "npm:@ponomarevlad/telebot@1.4.1-edge.2",
      "resolved": "https://registry.npmjs.org/@ponomarevlad/telebot/-/telebot-1.4.1-edge.2.tgz",
      "integrity": "sha512-iXBwjc9fSORZZTZFvt/X0GeesUWnwqpQkPo46Suw0OLT+HCGyQGVeTGKyfOJJHJ4ccnVK/otNgQAwZMMLHDkZQ=="
    },
    "telebot-vercel": {
      "version": "1.0.1",
      "resolved": "https://registry.npmjs.org/telebot-vercel/-/telebot-vercel-1.0.1.tgz",
      "integrity": "sha512-5ofTPuuihaMThHfS5txU70Ktu8u/v1XtEfcb2acrewoN8Qm7Sr/2GIYO5AUGBd7DqvxNuYIdzOB91KtEkzrzAA==",
      "requires": {}
    },
    "telegram-md": {
      "version": "1.2.3",
      "resolved": "https://registry.npmjs.org/telegram-md/-/telegram-md-1.2.3.tgz",
      "integrity": "sha512-wzosOtls6te20XAKOTRVlKHQHtfuiJo1ZxyMGqdlaNVVSv+YkpG57pKAEem80lyxq7ha/bvuIj73Y6i92l/x2A=="
    }
  }
}
